
Microsoft Visual Studio Solution File, Format Version 12.00
# Visual Studio Version 17
VisualStudioVersion = 17.7.34221.43
MinimumVisualStudioVersion = 10.0.40219.1
Project("{FAE04EC0-301F-11D3-BF4B-00C04F79EFBC}") = "Practica 2", "Practica 2.csproj", "{B8C8ECAF-5711-4987-8202-DBBCBB1A1689}"
EndProject
Global
	GlobalSection(SolutionConfigurationPlatforms) = preSolution
		Debug|Any CPU = Debug|Any CPU
		Release|Any CPU = Release|Any CPU
	EndGlobalSection
	GlobalSection(ProjectConfigurationPlatforms) = postSolution
		{B8C8ECAF-5711-4987-8202-DBBCBB1A1689}.Debug|Any CPU.ActiveCfg = Debug|Any CPU
		{B8C8ECAF-5711-4987-8202-DBBCBB1A1689}.Debug|Any CPU.Build.0 = Debug|Any CPU
		{B8C8ECAF-5711-4987-8202-DBBCBB1A1689}.Release|Any CPU.ActiveCfg = Release|Any CPU
		{B8C8ECAF-5711-4987-8202-DBBCBB1A1689}.Release|Any CPU.Build.0 = Release|Any CPU
	EndGlobalSection
	GlobalSection(SolutionProperties) = preSolution
		HideSolutionNode = FALSE
	EndGlobalSection
	GlobalSection(ExtensibilityGlobals) = postSolution
		SolutionGuid = {1F908ABB-A3D2-4807-A7E5-B9F2F571B0E3}
	EndGlobalSection
EndGlobal
